
Microsoft Visual Studio Solution File, Format Version 10.00
# Visual Studio 2008
Project("{FAE04EC0-301F-11D3-BF4B-00C04F79EFBC}") = "AlgoHero.MusicEntities", "AlgoHeroEntities\AlgoHero.MusicEntities.csproj", "{801DF353-3C2D-4940-9042-7001F3F96C4A}"
EndProject
Project("{FAE04EC0-301F-11D3-BF4B-00C04F79EFBC}") = "AlgoHero.MusicEntities.Tests", "AlgoHeroEntities.Tests\AlgoHero.MusicEntities.Tests.csproj", "{18E19EF3-F58A-4F59-AF85-C5D60678D690}"
EndProject
Project("{FAE04EC0-301F-11D3-BF4B-00C04F79EFBC}") = "AlgoHero.Files", "AlgoHero.Files\AlgoHero.Files.csproj", "{915F1DE3-78FC-4D88-B437-FCD56959AB18}"
EndProject
Project("{FAE04EC0-301F-11D3-BF4B-00C04F79EFBC}") = "AlgoHero.Files.Tests", "AlgoHero.Files.Tests\AlgoHero.Files.Tests.csproj", "{7C471F2F-0795-4CF5-89C1-4E24F42BF3DC}"
EndProject
Project("{2150E333-8FDC-42A3-9474-1A3956D46DE8}") = "Solution Items", "Solution Items", "{90C9EA14-04AF-4742-B8C5-20DD5898BFEC}"
	ProjectSection(SolutionItems) = preProject
		AlgoHero.vsmdi = AlgoHero.vsmdi
		LocalTestRun.testrunconfig = LocalTestRun.testrunconfig
	EndProjectSection
EndProject
Project("{FAE04EC0-301F-11D3-BF4B-00C04F79EFBC}") = "AlgoHero.Player", "AlgoHero.Player\AlgoHero.Player.csproj", "{68813492-8BD6-4F0E-9F01-0B6FAB439851}"
EndProject
Project("{FAE04EC0-301F-11D3-BF4B-00C04F79EFBC}") = "AlgoHero.Player.Tests", "AlgoHero.Player.Tests\AlgoHero.Player.Tests.csproj", "{CA5D54FD-A580-4548-B94F-BB503E733D80}"
EndProject
Project("{FAE04EC0-301F-11D3-BF4B-00C04F79EFBC}") = "AlgoHero.Interface", "AlgoHero.Interface\AlgoHero.Interface.csproj", "{95BAC13E-9D2D-4573-9D66-8AB41F39F803}"
EndProject
Global
	GlobalSection(TestCaseManagementSettings) = postSolution
		CategoryFile = AlgoHero.vsmdi
	EndGlobalSection
	GlobalSection(SolutionConfigurationPlatforms) = preSolution
		Debug|Any CPU = Debug|Any CPU
		Release|Any CPU = Release|Any CPU
	EndGlobalSection
	GlobalSection(ProjectConfigurationPlatforms) = postSolution
		{801DF353-3C2D-4940-9042-7001F3F96C4A}.Debug|Any CPU.ActiveCfg = Debug|Any CPU
		{801DF353-3C2D-4940-9042-7001F3F96C4A}.Debug|Any CPU.Build.0 = Debug|Any CPU
		{801DF353-3C2D-4940-9042-7001F3F96C4A}.Release|Any CPU.ActiveCfg = Release|Any CPU
		{801DF353-3C2D-4940-9042-7001F3F96C4A}.Release|Any CPU.Build.0 = Release|Any CPU
		{18E19EF3-F58A-4F59-AF85-C5D60678D690}.Debug|Any CPU.ActiveCfg = Debug|Any CPU
		{18E19EF3-F58A-4F59-AF85-C5D60678D690}.Debug|Any CPU.Build.0 = Debug|Any CPU
		{18E19EF3-F58A-4F59-AF85-C5D60678D690}.Release|Any CPU.ActiveCfg = Release|Any CPU
		{18E19EF3-F58A-4F59-AF85-C5D60678D690}.Release|Any CPU.Build.0 = Release|Any CPU
		{915F1DE3-78FC-4D88-B437-FCD56959AB18}.Debug|Any CPU.ActiveCfg = Debug|Any CPU
		{915F1DE3-78FC-4D88-B437-FCD56959AB18}.Debug|Any CPU.Build.0 = Debug|Any CPU
		{915F1DE3-78FC-4D88-B437-FCD56959AB18}.Release|Any CPU.ActiveCfg = Release|Any CPU
		{915F1DE3-78FC-4D88-B437-FCD56959AB18}.Release|Any CPU.Build.0 = Release|Any CPU
		{7C471F2F-0795-4CF5-89C1-4E24F42BF3DC}.Debug|Any CPU.ActiveCfg = Debug|Any CPU
		{7C471F2F-0795-4CF5-89C1-4E24F42BF3DC}.Debug|Any CPU.Build.0 = Debug|Any CPU
		{7C471F2F-0795-4CF5-89C1-4E24F42BF3DC}.Release|Any CPU.ActiveCfg = Release|Any CPU
		{7C471F2F-0795-4CF5-89C1-4E24F42BF3DC}.Release|Any CPU.Build.0 = Release|Any CPU
		{68813492-8BD6-4F0E-9F01-0B6FAB439851}.Debug|Any CPU.ActiveCfg = Debug|Any CPU
		{68813492-8BD6-4F0E-9F01-0B6FAB439851}.Debug|Any CPU.Build.0 = Debug|Any CPU
		{68813492-8BD6-4F0E-9F01-0B6FAB439851}.Release|Any CPU.ActiveCfg = Release|Any CPU
		{68813492-8BD6-4F0E-9F01-0B6FAB439851}.Release|Any CPU.Build.0 = Release|Any CPU
		{CA5D54FD-A580-4548-B94F-BB503E733D80}.Debug|Any CPU.ActiveCfg = Debug|Any CPU
		{CA5D54FD-A580-4548-B94F-BB503E733D80}.Debug|Any CPU.Build.0 = Debug|Any CPU
		{CA5D54FD-A580-4548-B94F-BB503E733D80}.Release|Any CPU.ActiveCfg = Release|Any CPU
		{CA5D54FD-A580-4548-B94F-BB503E733D80}.Release|Any CPU.Build.0 = Release|Any CPU
		{95BAC13E-9D2D-4573-9D66-8AB41F39F803}.Debug|Any CPU.ActiveCfg = Debug|Any CPU
		{95BAC13E-9D2D-4573-9D66-8AB41F39F803}.Debug|Any CPU.Build.0 = Debug|Any CPU
		{95BAC13E-9D2D-4573-9D66-8AB41F39F803}.Release|Any CPU.ActiveCfg = Release|Any CPU
		{95BAC13E-9D2D-4573-9D66-8AB41F39F803}.Release|Any CPU.Build.0 = Release|Any CPU
	EndGlobalSection
	GlobalSection(SolutionProperties) = preSolution
		HideSolutionNode = FALSE
	EndGlobalSection
EndGlobal
